
Microsoft Visual Studio Solution File, Format Version 12.00
# Visual Studio 2012
Project("{FAE04EC0-301F-11D3-BF4B-00C04F79EFBC}") = "Operadores Matematicos", "Operadores Matematicos\Operadores Matematicos.csproj", "{99E1966B-E258-4561-932C-1D3334C1F272}"
EndProject
Global
	GlobalSection(SolutionConfigurationPlatforms) = preSolution
		Debug|Any CPU = Debug|Any CPU
		Release|Any CPU = Release|Any CPU
	EndGlobalSection
	GlobalSection(ProjectConfigurationPlatforms) = postSolution
		{99E1966B-E258-4561-932C-1D3334C1F272}.Debug|Any CPU.ActiveCfg = Debug|Any CPU
		{99E1966B-E258-4561-932C-1D3334C1F272}.Debug|Any CPU.Build.0 = Debug|Any CPU
		{99E1966B-E258-4561-932C-1D3334C1F272}.Release|Any CPU.ActiveCfg = Release|Any CPU
		{99E1966B-E258-4561-932C-1D3334C1F272}.Release|Any CPU.Build.0 = Release|Any CPU
	EndGlobalSection
	GlobalSection(SolutionProperties) = preSolution
		HideSolutionNode = FALSE
	EndGlobalSection
EndGlobal
